
Microsoft Visual Studio Solution File, Format Version 12.00
# Visual Studio Version 16
VisualStudioVersion = 16.0.30804.86
MinimumVisualStudioVersion = 10.0.40219.1
Project("{FAE04EC0-301F-11D3-BF4B-00C04F79EFBC}") = "HVVMusic", "HVVMusic.csproj", "{D70341B5-0E91-424E-8C3E-F98F06FE383C}"
EndProject
Global
	GlobalSection(SolutionConfigurationPlatforms) = preSolution
		Debug|Any CPU = Debug|Any CPU
		Release|Any CPU = Release|Any CPU
	EndGlobalSection
	GlobalSection(ProjectConfigurationPlatforms) = postSolution
		{D70341B5-0E91-424E-8C3E-F98F06FE383C}.Debug|Any CPU.ActiveCfg = Debug|Any CPU
		{D70341B5-0E91-424E-8C3E-F98F06FE383C}.Debug|Any CPU.Build.0 = Debug|Any CPU
		{D70341B5-0E91-424E-8C3E-F98F06FE383C}.Release|Any CPU.ActiveCfg = Release|Any CPU
		{D70341B5-0E91-424E-8C3E-F98F06FE383C}.Release|Any CPU.Build.0 = Release|Any CPU
	EndGlobalSection
	GlobalSection(SolutionProperties) = preSolution
		HideSolutionNode = FALSE
	EndGlobalSection
	GlobalSection(ExtensibilityGlobals) = postSolution
		SolutionGuid = {82276B83-324C-42A0-927E-BBCF507CC8DB}
	EndGlobalSection
EndGlobal
